
Microsoft Visual Studio Solution File, Format Version 12.00
# Visual Studio Version 16
VisualStudioVersion = 16.0.29509.3
MinimumVisualStudioVersion = 10.0.40219.1
Project("{FAE04EC0-301F-11D3-BF4B-00C04F79EFBC}") = "Homework9", "Homework9.csproj", "{6B3090F7-7F37-4F67-AEA0-156D5BCFC0B1}"
EndProject
Project("{FAE04EC0-301F-11D3-BF4B-00C04F79EFBC}") = "Homework10", "..\Homework10\Homework10.csproj", "{6FFEC51A-D0FC-4CAD-A58A-3C2838FB8597}"
EndProject
Project("{FAE04EC0-301F-11D3-BF4B-00C04F79EFBC}") = "Homework11", "..\Homework11\Homework11.csproj", "{27F0F19A-4F4B-4652-873F-ADB3AE59394B}"
EndProject
Project("{FAE04EC0-301F-11D3-BF4B-00C04F79EFBC}") = "Homework12", "..\Homework12\Homework12.csproj", "{1A7D33EC-4FE6-461F-AD11-5E3A23C2E13A}"
EndProject
Project("{FAE04EC0-301F-11D3-BF4B-00C04F79EFBC}") = "Homework13", "..\Homework13\Homework13.csproj", "{DE2E43DA-483B-48E7-8C25-931E5D9A379E}"
EndProject
Global
	GlobalSection(SolutionConfigurationPlatforms) = preSolution
		Debug|Any CPU = Debug|Any CPU
		Release|Any CPU = Release|Any CPU
	EndGlobalSection
	GlobalSection(ProjectConfigurationPlatforms) = postSolution
		{6B3090F7-7F37-4F67-AEA0-156D5BCFC0B1}.Debug|Any CPU.ActiveCfg = Debug|Any CPU
		{6B3090F7-7F37-4F67-AEA0-156D5BCFC0B1}.Debug|Any CPU.Build.0 = Debug|Any CPU
		{6B3090F7-7F37-4F67-AEA0-156D5BCFC0B1}.Release|Any CPU.ActiveCfg = Release|Any CPU
		{6B3090F7-7F37-4F67-AEA0-156D5BCFC0B1}.Release|Any CPU.Build.0 = Release|Any CPU
		{6FFEC51A-D0FC-4CAD-A58A-3C2838FB8597}.Debug|Any CPU.ActiveCfg = Debug|Any CPU
		{6FFEC51A-D0FC-4CAD-A58A-3C2838FB8597}.Debug|Any CPU.Build.0 = Debug|Any CPU
		{6FFEC51A-D0FC-4CAD-A58A-3C2838FB8597}.Release|Any CPU.ActiveCfg = Release|Any CPU
		{6FFEC51A-D0FC-4CAD-A58A-3C2838FB8597}.Release|Any CPU.Build.0 = Release|Any CPU
		{27F0F19A-4F4B-4652-873F-ADB3AE59394B}.Debug|Any CPU.ActiveCfg = Debug|Any CPU
		{27F0F19A-4F4B-4652-873F-ADB3AE59394B}.Debug|Any CPU.Build.0 = Debug|Any CPU
		{27F0F19A-4F4B-4652-873F-ADB3AE59394B}.Release|Any CPU.ActiveCfg = Release|Any CPU
		{27F0F19A-4F4B-4652-873F-ADB3AE59394B}.Release|Any CPU.Build.0 = Release|Any CPU
		{1A7D33EC-4FE6-461F-AD11-5E3A23C2E13A}.Debug|Any CPU.ActiveCfg = Debug|Any CPU
		{1A7D33EC-4FE6-461F-AD11-5E3A23C2E13A}.Debug|Any CPU.Build.0 = Debug|Any CPU
		{1A7D33EC-4FE6-461F-AD11-5E3A23C2E13A}.Release|Any CPU.ActiveCfg = Release|Any CPU
		{1A7D33EC-4FE6-461F-AD11-5E3A23C2E13A}.Release|Any CPU.Build.0 = Release|Any CPU
		{DE2E43DA-483B-48E7-8C25-931E5D9A379E}.Debug|Any CPU.ActiveCfg = Debug|Any CPU
		{DE2E43DA-483B-48E7-8C25-931E5D9A379E}.Debug|Any CPU.Build.0 = Debug|Any CPU
		{DE2E43DA-483B-48E7-8C25-931E5D9A379E}.Release|Any CPU.ActiveCfg = Release|Any CPU
		{DE2E43DA-483B-48E7-8C25-931E5D9A379E}.Release|Any CPU.Build.0 = Release|Any CPU
	EndGlobalSection
	GlobalSection(SolutionProperties) = preSolution
		HideSolutionNode = FALSE
	EndGlobalSection
	GlobalSection(ExtensibilityGlobals) = postSolution
		SolutionGuid = {8B4FD006-A84B-4A13-8144-1B8AD6ECD175}
	EndGlobalSection
EndGlobal
