
Microsoft Visual Studio Solution File, Format Version 12.00
# Visual Studio Version 16
VisualStudioVersion = 16.0.29509.3
MinimumVisualStudioVersion = 10.0.40219.1
Project("{FAE04EC0-301F-11D3-BF4B-00C04F79EFBC}") = "Homework1", "Homework1.csproj", "{80E3A6D4-9F50-42A0-89E0-C8A067C13FFF}"
EndProject
Project("{FAE04EC0-301F-11D3-BF4B-00C04F79EFBC}") = "Homework2", "..\Homework2\Homework2.csproj", "{9F23D9EF-BE4D-4D49-AE4D-3A80A99C53AC}"
EndProject
Project("{FAE04EC0-301F-11D3-BF4B-00C04F79EFBC}") = "Homework3", "..\Homework3\Homework3.csproj", "{CDC00BA5-86DC-4A9C-9A00-29E7B92C66E9}"
EndProject
Project("{FAE04EC0-301F-11D3-BF4B-00C04F79EFBC}") = "Homework4", "..\Homework4\Homework4.csproj", "{BA73928C-541C-49AA-9075-8ABF1E6E03D2}"
EndProject
Project("{FAE04EC0-301F-11D3-BF4B-00C04F79EFBC}") = "Homework5", "..\Homework5\Homework5.csproj", "{55173DC2-732F-4F6F-908A-5D186E00E892}"
EndProject
Project("{FAE04EC0-301F-11D3-BF4B-00C04F79EFBC}") = "Homework6", "..\Homework6\Homework6.csproj", "{2A772F5C-A003-4CEC-994B-AB755C360A3E}"
EndProject
Global
	GlobalSection(SolutionConfigurationPlatforms) = preSolution
		Debug|Any CPU = Debug|Any CPU
		Release|Any CPU = Release|Any CPU
	EndGlobalSection
	GlobalSection(ProjectConfigurationPlatforms) = postSolution
		{80E3A6D4-9F50-42A0-89E0-C8A067C13FFF}.Debug|Any CPU.ActiveCfg = Debug|Any CPU
		{80E3A6D4-9F50-42A0-89E0-C8A067C13FFF}.Debug|Any CPU.Build.0 = Debug|Any CPU
		{80E3A6D4-9F50-42A0-89E0-C8A067C13FFF}.Release|Any CPU.ActiveCfg = Release|Any CPU
		{80E3A6D4-9F50-42A0-89E0-C8A067C13FFF}.Release|Any CPU.Build.0 = Release|Any CPU
		{9F23D9EF-BE4D-4D49-AE4D-3A80A99C53AC}.Debug|Any CPU.ActiveCfg = Debug|Any CPU
		{9F23D9EF-BE4D-4D49-AE4D-3A80A99C53AC}.Debug|Any CPU.Build.0 = Debug|Any CPU
		{9F23D9EF-BE4D-4D49-AE4D-3A80A99C53AC}.Release|Any CPU.ActiveCfg = Release|Any CPU
		{9F23D9EF-BE4D-4D49-AE4D-3A80A99C53AC}.Release|Any CPU.Build.0 = Release|Any CPU
		{CDC00BA5-86DC-4A9C-9A00-29E7B92C66E9}.Debug|Any CPU.ActiveCfg = Debug|Any CPU
		{CDC00BA5-86DC-4A9C-9A00-29E7B92C66E9}.Debug|Any CPU.Build.0 = Debug|Any CPU
		{CDC00BA5-86DC-4A9C-9A00-29E7B92C66E9}.Release|Any CPU.ActiveCfg = Release|Any CPU
		{CDC00BA5-86DC-4A9C-9A00-29E7B92C66E9}.Release|Any CPU.Build.0 = Release|Any CPU
		{BA73928C-541C-49AA-9075-8ABF1E6E03D2}.Debug|Any CPU.ActiveCfg = Debug|Any CPU
		{BA73928C-541C-49AA-9075-8ABF1E6E03D2}.Debug|Any CPU.Build.0 = Debug|Any CPU
		{BA73928C-541C-49AA-9075-8ABF1E6E03D2}.Release|Any CPU.ActiveCfg = Release|Any CPU
		{BA73928C-541C-49AA-9075-8ABF1E6E03D2}.Release|Any CPU.Build.0 = Release|Any CPU
		{55173DC2-732F-4F6F-908A-5D186E00E892}.Debug|Any CPU.ActiveCfg = Debug|Any CPU
		{55173DC2-732F-4F6F-908A-5D186E00E892}.Debug|Any CPU.Build.0 = Debug|Any CPU
		{55173DC2-732F-4F6F-908A-5D186E00E892}.Release|Any CPU.ActiveCfg = Release|Any CPU
		{55173DC2-732F-4F6F-908A-5D186E00E892}.Release|Any CPU.Build.0 = Release|Any CPU
		{2A772F5C-A003-4CEC-994B-AB755C360A3E}.Debug|Any CPU.ActiveCfg = Debug|Any CPU
		{2A772F5C-A003-4CEC-994B-AB755C360A3E}.Debug|Any CPU.Build.0 = Debug|Any CPU
		{2A772F5C-A003-4CEC-994B-AB755C360A3E}.Release|Any CPU.ActiveCfg = Release|Any CPU
		{2A772F5C-A003-4CEC-994B-AB755C360A3E}.Release|Any CPU.Build.0 = Release|Any CPU
	EndGlobalSection
	GlobalSection(SolutionProperties) = preSolution
		HideSolutionNode = FALSE
	EndGlobalSection
	GlobalSection(ExtensibilityGlobals) = postSolution
		SolutionGuid = {B485734C-FD70-4524-A318-F2F4B9ADD2A1}
	EndGlobalSection
EndGlobal
